
Microsoft Visual Studio Solution File, Format Version 12.00
# Visual Studio 15
VisualStudioVersion = 15.0.27004.2010
MinimumVisualStudioVersion = 10.0.40219.1
Project("{FAE04EC0-301F-11D3-BF4B-00C04F79EFBC}") = "ClassPad.Forms.Android", "ClassPad.Forms\ClassPad.Forms.Android\ClassPad.Forms.Android.csproj", "{8832E6C2-4592-480E-BD8A-1619A44682FC}"
EndProject
Project("{FAE04EC0-301F-11D3-BF4B-00C04F79EFBC}") = "ClassPad.Forms", "ClassPad.Forms\ClassPad.Forms\ClassPad.Forms.csproj", "{AF44792B-EC3D-401C-93C2-151D3C1AB7B8}"
EndProject
Project("{FAE04EC0-301F-11D3-BF4B-00C04F79EFBC}") = "ClassPad.Forms.UWP", "ClassPad.Forms\ClassPad.Forms.UWP\ClassPad.Forms.UWP.csproj", "{86A52DF3-D652-4B55-8A00-A7929E3116CD}"
EndProject
Project("{FAE04EC0-301F-11D3-BF4B-00C04F79EFBC}") = "ClassPad.Forms.iOS", "ClassPad.Forms\ClassPad.Forms.iOS\ClassPad.Forms.iOS.csproj", "{7161098B-82B2-4E3E-9E94-C9AE224EE0C9}"
EndProject
Global
	GlobalSection(SolutionConfigurationPlatforms) = preSolution
		Ad-Hoc|Any CPU = Ad-Hoc|Any CPU
		Ad-Hoc|ARM = Ad-Hoc|ARM
		Ad-Hoc|iPhone = Ad-Hoc|iPhone
		Ad-Hoc|iPhoneSimulator = Ad-Hoc|iPhoneSimulator
		Ad-Hoc|x64 = Ad-Hoc|x64
		Ad-Hoc|x86 = Ad-Hoc|x86
		AppStore|Any CPU = AppStore|Any CPU
		AppStore|ARM = AppStore|ARM
		AppStore|iPhone = AppStore|iPhone
		AppStore|iPhoneSimulator = AppStore|iPhoneSimulator
		AppStore|x64 = AppStore|x64
		AppStore|x86 = AppStore|x86
		Debug|Any CPU = Debug|Any CPU
		Debug|ARM = Debug|ARM
		Debug|iPhone = Debug|iPhone
		Debug|iPhoneSimulator = Debug|iPhoneSimulator
		Debug|x64 = Debug|x64
		Debug|x86 = Debug|x86
		Release|Any CPU = Release|Any CPU
		Release|ARM = Release|ARM
		Release|iPhone = Release|iPhone
		Release|iPhoneSimulator = Release|iPhoneSimulator
		Release|x64 = Release|x64
		Release|x86 = Release|x86
	EndGlobalSection
	GlobalSection(ProjectConfigurationPlatforms) = postSolution
		{8832E6C2-4592-480E-BD8A-1619A44682FC}.Ad-Hoc|Any CPU.ActiveCfg = Release|Any CPU
		{8832E6C2-4592-480E-BD8A-1619A44682FC}.Ad-Hoc|Any CPU.Build.0 = Release|Any CPU
		{8832E6C2-4592-480E-BD8A-1619A44682FC}.Ad-Hoc|Any CPU.Deploy.0 = Release|Any CPU
		{8832E6C2-4592-480E-BD8A-1619A44682FC}.Ad-Hoc|ARM.ActiveCfg = Release|Any CPU
		{8832E6C2-4592-480E-BD8A-1619A44682FC}.Ad-Hoc|ARM.Build.0 = Release|Any CPU
		{8832E6C2-4592-480E-BD8A-1619A44682FC}.Ad-Hoc|ARM.Deploy.0 = Release|Any CPU
		{8832E6C2-4592-480E-BD8A-1619A44682FC}.Ad-Hoc|iPhone.ActiveCfg = Release|Any CPU
		{8832E6C2-4592-480E-BD8A-1619A44682FC}.Ad-Hoc|iPhone.Build.0 = Release|Any CPU
		{8832E6C2-4592-480E-BD8A-1619A44682FC}.Ad-Hoc|iPhone.Deploy.0 = Release|Any CPU
		{8832E6C2-4592-480E-BD8A-1619A44682FC}.Ad-Hoc|iPhoneSimulator.ActiveCfg = Release|Any CPU
		{8832E6C2-4592-480E-BD8A-1619A44682FC}.Ad-Hoc|iPhoneSimulator.Build.0 = Release|Any CPU
		{8832E6C2-4592-480E-BD8A-1619A44682FC}.Ad-Hoc|iPhoneSimulator.Deploy.0 = Release|Any CPU
		{8832E6C2-4592-480E-BD8A-1619A44682FC}.Ad-Hoc|x64.ActiveCfg = Release|Any CPU
		{8832E6C2-4592-480E-BD8A-1619A44682FC}.Ad-Hoc|x64.Build.0 = Release|Any CPU
		{8832E6C2-4592-480E-BD8A-1619A44682FC}.Ad-Hoc|x64.Deploy.0 = Release|Any CPU
		{8832E6C2-4592-480E-BD8A-1619A44682FC}.Ad-Hoc|x86.ActiveCfg = Release|Any CPU
		{8832E6C2-4592-480E-BD8A-1619A44682FC}.Ad-Hoc|x86.Build.0 = Release|Any CPU
		{8832E6C2-4592-480E-BD8A-1619A44682FC}.Ad-Hoc|x86.Deploy.0 = Release|Any CPU
		{8832E6C2-4592-480E-BD8A-1619A44682FC}.AppStore|Any CPU.ActiveCfg = Release|Any CPU
		{8832E6C2-4592-480E-BD8A-1619A44682FC}.AppStore|Any CPU.Build.0 = Release|Any CPU
		{8832E6C2-4592-480E-BD8A-1619A44682FC}.AppStore|Any CPU.Deploy.0 = Release|Any CPU
		{8832E6C2-4592-480E-BD8A-1619A44682FC}.AppStore|ARM.ActiveCfg = Release|Any CPU
		{8832E6C2-4592-480E-BD8A-1619A44682FC}.AppStore|ARM.Build.0 = Release|Any CPU
		{8832E6C2-4592-480E-BD8A-1619A44682FC}.AppStore|ARM.Deploy.0 = Release|Any CPU
		{8832E6C2-4592-480E-BD8A-1619A44682FC}.AppStore|iPhone.ActiveCfg = Release|Any CPU
		{8832E6C2-4592-480E-BD8A-1619A44682FC}.AppStore|iPhone.Build.0 = Release|Any CPU
		{8832E6C2-4592-480E-BD8A-1619A44682FC}.AppStore|iPhone.Deploy.0 = Release|Any CPU
		{8832E6C2-4592-480E-BD8A-1619A44682FC}.AppStore|iPhoneSimulator.ActiveCfg = Release|Any CPU
		{8832E6C2-4592-480E-BD8A-1619A44682FC}.AppStore|iPhoneSimulator.Build.0 = Release|Any CPU
		{8832E6C2-4592-480E-BD8A-1619A44682FC}.AppStore|iPhoneSimulator.Deploy.0 = Release|Any CPU
		{8832E6C2-4592-480E-BD8A-1619A44682FC}.AppStore|x64.ActiveCfg = Release|Any CPU
		{8832E6C2-4592-480E-BD8A-1619A44682FC}.AppStore|x64.Build.0 = Release|Any CPU
		{8832E6C2-4592-480E-BD8A-1619A44682FC}.AppStore|x64.Deploy.0 = Release|Any CPU
		{8832E6C2-4592-480E-BD8A-1619A44682FC}.AppStore|x86.ActiveCfg = Release|Any CPU
		{8832E6C2-4592-480E-BD8A-1619A44682FC}.AppStore|x86.Build.0 = Release|Any CPU
		{8832E6C2-4592-480E-BD8A-1619A44682FC}.AppStore|x86.Deploy.0 = Release|Any CPU
		{8832E6C2-4592-480E-BD8A-1619A44682FC}.Debug|Any CPU.ActiveCfg = Debug|Any CPU
		{8832E6C2-4592-480E-BD8A-1619A44682FC}.Debug|Any CPU.Build.0 = Debug|Any CPU
		{8832E6C2-4592-480E-BD8A-1619A44682FC}.Debug|Any CPU.Deploy.0 = Debug|Any CPU
		{8832E6C2-4592-480E-BD8A-1619A44682FC}.Debug|ARM.ActiveCfg = Debug|Any CPU
		{8832E6C2-4592-480E-BD8A-1619A44682FC}.Debug|ARM.Build.0 = Debug|Any CPU
		{8832E6C2-4592-480E-BD8A-1619A44682FC}.Debug|ARM.Deploy.0 = Debug|Any CPU
		{8832E6C2-4592-480E-BD8A-1619A44682FC}.Debug|iPhone.ActiveCfg = Debug|Any CPU
		{8832E6C2-4592-480E-BD8A-1619A44682FC}.Debug|iPhone.Build.0 = Debug|Any CPU
		{8832E6C2-4592-480E-BD8A-1619A44682FC}.Debug|iPhone.Deploy.0 = Debug|Any CPU
		{8832E6C2-4592-480E-BD8A-1619A44682FC}.Debug|iPhoneSimulator.ActiveCfg = Debug|Any CPU
		{8832E6C2-4592-480E-BD8A-1619A44682FC}.Debug|iPhoneSimulator.Build.0 = Debug|Any CPU
		{8832E6C2-4592-480E-BD8A-1619A44682FC}.Debug|iPhoneSimulator.Deploy.0 = Debug|Any CPU
		{8832E6C2-4592-480E-BD8A-1619A44682FC}.Debug|x64.ActiveCfg = Debug|Any CPU
		{8832E6C2-4592-480E-BD8A-1619A44682FC}.Debug|x64.Build.0 = Debug|Any CPU
		{8832E6C2-4592-480E-BD8A-1619A44682FC}.Debug|x64.Deploy.0 = Debug|Any CPU
		{8832E6C2-4592-480E-BD8A-1619A44682FC}.Debug|x86.ActiveCfg = Debug|Any CPU
		{8832E6C2-4592-480E-BD8A-1619A44682FC}.Debug|x86.Build.0 = Debug|Any CPU
		{8832E6C2-4592-480E-BD8A-1619A44682FC}.Debug|x86.Deploy.0 = Debug|Any CPU
		{8832E6C2-4592-480E-BD8A-1619A44682FC}.Release|Any CPU.ActiveCfg = Release|Any CPU
		{8832E6C2-4592-480E-BD8A-1619A44682FC}.Release|Any CPU.Build.0 = Release|Any CPU
		{8832E6C2-4592-480E-BD8A-1619A44682FC}.Release|Any CPU.Deploy.0 = Release|Any CPU
		{8832E6C2-4592-480E-BD8A-1619A44682FC}.Release|ARM.ActiveCfg = Release|Any CPU
		{8832E6C2-4592-480E-BD8A-1619A44682FC}.Release|ARM.Build.0 = Release|Any CPU
		{8832E6C2-4592-480E-BD8A-1619A44682FC}.Release|ARM.Deploy.0 = Release|Any CPU
		{8832E6C2-4592-480E-BD8A-1619A44682FC}.Release|iPhone.ActiveCfg = Release|Any CPU
		{8832E6C2-4592-480E-BD8A-1619A44682FC}.Release|iPhone.Build.0 = Release|Any CPU
		{8832E6C2-4592-480E-BD8A-1619A44682FC}.Release|iPhone.Deploy.0 = Release|Any CPU
		{8832E6C2-4592-480E-BD8A-1619A44682FC}.Release|iPhoneSimulator.ActiveCfg = Release|Any CPU
		{8832E6C2-4592-480E-BD8A-1619A44682FC}.Release|iPhoneSimulator.Build.0 = Release|Any CPU
		{8832E6C2-4592-480E-BD8A-1619A44682FC}.Release|iPhoneSimulator.Deploy.0 = Release|Any CPU
		{8832E6C2-4592-480E-BD8A-1619A44682FC}.Release|x64.ActiveCfg = Release|Any CPU
		{8832E6C2-4592-480E-BD8A-1619A44682FC}.Release|x64.Build.0 = Release|Any CPU
		{8832E6C2-4592-480E-BD8A-1619A44682FC}.Release|x64.Deploy.0 = Release|Any CPU
		{8832E6C2-4592-480E-BD8A-1619A44682FC}.Release|x86.ActiveCfg = Release|Any CPU
		{8832E6C2-4592-480E-BD8A-1619A44682FC}.Release|x86.Build.0 = Release|Any CPU
		{8832E6C2-4592-480E-BD8A-1619A44682FC}.Release|x86.Deploy.0 = Release|Any CPU
		{AF44792B-EC3D-401C-93C2-151D3C1AB7B8}.Ad-Hoc|Any CPU.ActiveCfg = Release|Any CPU
		{AF44792B-EC3D-401C-93C2-151D3C1AB7B8}.Ad-Hoc|Any CPU.Build.0 = Release|Any CPU
		{AF44792B-EC3D-401C-93C2-151D3C1AB7B8}.Ad-Hoc|ARM.ActiveCfg = Release|Any CPU
		{AF44792B-EC3D-401C-93C2-151D3C1AB7B8}.Ad-Hoc|ARM.Build.0 = Release|Any CPU
		{AF44792B-EC3D-401C-93C2-151D3C1AB7B8}.Ad-Hoc|iPhone.ActiveCfg = Release|Any CPU
		{AF44792B-EC3D-401C-93C2-151D3C1AB7B8}.Ad-Hoc|iPhone.Build.0 = Release|Any CPU
		{AF44792B-EC3D-401C-93C2-151D3C1AB7B8}.Ad-Hoc|iPhoneSimulator.ActiveCfg = Release|Any CPU
		{AF44792B-EC3D-401C-93C2-151D3C1AB7B8}.Ad-Hoc|iPhoneSimulator.Build.0 = Release|Any CPU
		{AF44792B-EC3D-401C-93C2-151D3C1AB7B8}.Ad-Hoc|x64.ActiveCfg = Release|Any CPU
		{AF44792B-EC3D-401C-93C2-151D3C1AB7B8}.Ad-Hoc|x64.Build.0 = Release|Any CPU
		{AF44792B-EC3D-401C-93C2-151D3C1AB7B8}.Ad-Hoc|x86.ActiveCfg = Release|Any CPU
		{AF44792B-EC3D-401C-93C2-151D3C1AB7B8}.Ad-Hoc|x86.Build.0 = Release|Any CPU
		{AF44792B-EC3D-401C-93C2-151D3C1AB7B8}.AppStore|Any CPU.ActiveCfg = Release|Any CPU
		{AF44792B-EC3D-401C-93C2-151D3C1AB7B8}.AppStore|Any CPU.Build.0 = Release|Any CPU
		{AF44792B-EC3D-401C-93C2-151D3C1AB7B8}.AppStore|ARM.ActiveCfg = Release|Any CPU
		{AF44792B-EC3D-401C-93C2-151D3C1AB7B8}.AppStore|ARM.Build.0 = Release|Any CPU
		{AF44792B-EC3D-401C-93C2-151D3C1AB7B8}.AppStore|iPhone.ActiveCfg = Release|Any CPU
		{AF44792B-EC3D-401C-93C2-151D3C1AB7B8}.AppStore|iPhone.Build.0 = Release|Any CPU
		{AF44792B-EC3D-401C-93C2-151D3C1AB7B8}.AppStore|iPhoneSimulator.ActiveCfg = Release|Any CPU
		{AF44792B-EC3D-401C-93C2-151D3C1AB7B8}.AppStore|iPhoneSimulator.Build.0 = Release|Any CPU
		{AF44792B-EC3D-401C-93C2-151D3C1AB7B8}.AppStore|x64.ActiveCfg = Release|Any CPU
		{AF44792B-EC3D-401C-93C2-151D3C1AB7B8}.AppStore|x64.Build.0 = Release|Any CPU
		{AF44792B-EC3D-401C-93C2-151D3C1AB7B8}.AppStore|x86.ActiveCfg = Release|Any CPU
		{AF44792B-EC3D-401C-93C2-151D3C1AB7B8}.AppStore|x86.Build.0 = Release|Any CPU
		{AF44792B-EC3D-401C-93C2-151D3C1AB7B8}.Debug|Any CPU.ActiveCfg = Debug|Any CPU
		{AF44792B-EC3D-401C-93C2-151D3C1AB7B8}.Debug|Any CPU.Build.0 = Debug|Any CPU
		{AF44792B-EC3D-401C-93C2-151D3C1AB7B8}.Debug|ARM.ActiveCfg = Debug|Any CPU
		{AF44792B-EC3D-401C-93C2-151D3C1AB7B8}.Debug|ARM.Build.0 = Debug|Any CPU
		{AF44792B-EC3D-401C-93C2-151D3C1AB7B8}.Debug|iPhone.ActiveCfg = Debug|Any CPU
		{AF44792B-EC3D-401C-93C2-151D3C1AB7B8}.Debug|iPhone.Build.0 = Debug|Any CPU
		{AF44792B-EC3D-401C-93C2-151D3C1AB7B8}.Debug|iPhoneSimulator.ActiveCfg = Debug|Any CPU
		{AF44792B-EC3D-401C-93C2-151D3C1AB7B8}.Debug|iPhoneSimulator.Build.0 = Debug|Any CPU
		{AF44792B-EC3D-401C-93C2-151D3C1AB7B8}.Debug|x64.ActiveCfg = Debug|Any CPU
		{AF44792B-EC3D-401C-93C2-151D3C1AB7B8}.Debug|x64.Build.0 = Debug|Any CPU
		{AF44792B-EC3D-401C-93C2-151D3C1AB7B8}.Debug|x86.ActiveCfg = Debug|Any CPU
		{AF44792B-EC3D-401C-93C2-151D3C1AB7B8}.Debug|x86.Build.0 = Debug|Any CPU
		{AF44792B-EC3D-401C-93C2-151D3C1AB7B8}.Release|Any CPU.ActiveCfg = Release|Any CPU
		{AF44792B-EC3D-401C-93C2-151D3C1AB7B8}.Release|Any CPU.Build.0 = Release|Any CPU
		{AF44792B-EC3D-401C-93C2-151D3C1AB7B8}.Release|ARM.ActiveCfg = Release|Any CPU
		{AF44792B-EC3D-401C-93C2-151D3C1AB7B8}.Release|ARM.Build.0 = Release|Any CPU
		{AF44792B-EC3D-401C-93C2-151D3C1AB7B8}.Release|iPhone.ActiveCfg = Release|Any CPU
		{AF44792B-EC3D-401C-93C2-151D3C1AB7B8}.Release|iPhone.Build.0 = Release|Any CPU
		{AF44792B-EC3D-401C-93C2-151D3C1AB7B8}.Release|iPhoneSimulator.ActiveCfg = Release|Any CPU
		{AF44792B-EC3D-401C-93C2-151D3C1AB7B8}.Release|iPhoneSimulator.Build.0 = Release|Any CPU
		{AF44792B-EC3D-401C-93C2-151D3C1AB7B8}.Release|x64.ActiveCfg = Release|Any CPU
		{AF44792B-EC3D-401C-93C2-151D3C1AB7B8}.Release|x64.Build.0 = Release|Any CPU
		{AF44792B-EC3D-401C-93C2-151D3C1AB7B8}.Release|x86.ActiveCfg = Release|Any CPU
		{AF44792B-EC3D-401C-93C2-151D3C1AB7B8}.Release|x86.Build.0 = Release|Any CPU
		{86A52DF3-D652-4B55-8A00-A7929E3116CD}.Ad-Hoc|Any CPU.ActiveCfg = Release|x86
		{86A52DF3-D652-4B55-8A00-A7929E3116CD}.Ad-Hoc|Any CPU.Build.0 = Release|x86
		{86A52DF3-D652-4B55-8A00-A7929E3116CD}.Ad-Hoc|Any CPU.Deploy.0 = Release|x86
		{86A52DF3-D652-4B55-8A00-A7929E3116CD}.Ad-Hoc|ARM.ActiveCfg = Release|ARM
		{86A52DF3-D652-4B55-8A00-A7929E3116CD}.Ad-Hoc|ARM.Build.0 = Release|ARM
		{86A52DF3-D652-4B55-8A00-A7929E3116CD}.Ad-Hoc|ARM.Deploy.0 = Release|ARM
		{86A52DF3-D652-4B55-8A00-A7929E3116CD}.Ad-Hoc|iPhone.ActiveCfg = Release|x86
		{86A52DF3-D652-4B55-8A00-A7929E3116CD}.Ad-Hoc|iPhone.Build.0 = Release|x86
		{86A52DF3-D652-4B55-8A00-A7929E3116CD}.Ad-Hoc|iPhone.Deploy.0 = Release|x86
		{86A52DF3-D652-4B55-8A00-A7929E3116CD}.Ad-Hoc|iPhoneSimulator.ActiveCfg = Release|x86
		{86A52DF3-D652-4B55-8A00-A7929E3116CD}.Ad-Hoc|iPhoneSimulator.Build.0 = Release|x86
		{86A52DF3-D652-4B55-8A00-A7929E3116CD}.Ad-Hoc|iPhoneSimulator.Deploy.0 = Release|x86
		{86A52DF3-D652-4B55-8A00-A7929E3116CD}.Ad-Hoc|x64.ActiveCfg = Release|x64
		{86A52DF3-D652-4B55-8A00-A7929E3116CD}.Ad-Hoc|x64.Build.0 = Release|x64
		{86A52DF3-D652-4B55-8A00-A7929E3116CD}.Ad-Hoc|x64.Deploy.0 = Release|x64
		{86A52DF3-D652-4B55-8A00-A7929E3116CD}.Ad-Hoc|x86.ActiveCfg = Release|x86
		{86A52DF3-D652-4B55-8A00-A7929E3116CD}.Ad-Hoc|x86.Build.0 = Release|x86
		{86A52DF3-D652-4B55-8A00-A7929E3116CD}.Ad-Hoc|x86.Deploy.0 = Release|x86
		{86A52DF3-D652-4B55-8A00-A7929E3116CD}.AppStore|Any CPU.ActiveCfg = Release|x86
		{86A52DF3-D652-4B55-8A00-A7929E3116CD}.AppStore|Any CPU.Build.0 = Release|x86
		{86A52DF3-D652-4B55-8A00-A7929E3116CD}.AppStore|Any CPU.Deploy.0 = Release|x86
		{86A52DF3-D652-4B55-8A00-A7929E3116CD}.AppStore|ARM.ActiveCfg = Release|ARM
		{86A52DF3-D652-4B55-8A00-A7929E3116CD}.AppStore|ARM.Build.0 = Release|ARM
		{86A52DF3-D652-4B55-8A00-A7929E3116CD}.AppStore|ARM.Deploy.0 = Release|ARM
		{86A52DF3-D652-4B55-8A00-A7929E3116CD}.AppStore|iPhone.ActiveCfg = Release|x86
		{86A52DF3-D652-4B55-8A00-A7929E3116CD}.AppStore|iPhone.Build.0 = Release|x86
		{86A52DF3-D652-4B55-8A00-A7929E3116CD}.AppStore|iPhone.Deploy.0 = Release|x86
		{86A52DF3-D652-4B55-8A00-A7929E3116CD}.AppStore|iPhoneSimulator.ActiveCfg = Release|x86
		{86A52DF3-D652-4B55-8A00-A7929E3116CD}.AppStore|iPhoneSimulator.Build.0 = Release|x86
		{86A52DF3-D652-4B55-8A00-A7929E3116CD}.AppStore|iPhoneSimulator.Deploy.0 = Release|x86
		{86A52DF3-D652-4B55-8A00-A7929E3116CD}.AppStore|x64.ActiveCfg = Release|x64
		{86A52DF3-D652-4B55-8A00-A7929E3116CD}.AppStore|x64.Build.0 = Release|x64
		{86A52DF3-D652-4B55-8A00-A7929E3116CD}.AppStore|x64.Deploy.0 = Release|x64
		{86A52DF3-D652-4B55-8A00-A7929E3116CD}.AppStore|x86.ActiveCfg = Release|x86
		{86A52DF3-D652-4B55-8A00-A7929E3116CD}.AppStore|x86.Build.0 = Release|x86
		{86A52DF3-D652-4B55-8A00-A7929E3116CD}.AppStore|x86.Deploy.0 = Release|x86
		{86A52DF3-D652-4B55-8A00-A7929E3116CD}.Debug|Any CPU.ActiveCfg = Debug|x86
		{86A52DF3-D652-4B55-8A00-A7929E3116CD}.Debug|ARM.ActiveCfg = Debug|ARM
		{86A52DF3-D652-4B55-8A00-A7929E3116CD}.Debug|ARM.Build.0 = Debug|ARM
		{86A52DF3-D652-4B55-8A00-A7929E3116CD}.Debug|ARM.Deploy.0 = Debug|ARM
		{86A52DF3-D652-4B55-8A00-A7929E3116CD}.Debug|iPhone.ActiveCfg = Debug|x86
		{86A52DF3-D652-4B55-8A00-A7929E3116CD}.Debug|iPhoneSimulator.ActiveCfg = Debug|x86
		{86A52DF3-D652-4B55-8A00-A7929E3116CD}.Debug|x64.ActiveCfg = Debug|x64
		{86A52DF3-D652-4B55-8A00-A7929E3116CD}.Debug|x64.Build.0 = Debug|x64
		{86A52DF3-D652-4B55-8A00-A7929E3116CD}.Debug|x64.Deploy.0 = Debug|x64
		{86A52DF3-D652-4B55-8A00-A7929E3116CD}.Debug|x86.ActiveCfg = Debug|x86
		{86A52DF3-D652-4B55-8A00-A7929E3116CD}.Debug|x86.Build.0 = Debug|x86
		{86A52DF3-D652-4B55-8A00-A7929E3116CD}.Debug|x86.Deploy.0 = Debug|x86
		{86A52DF3-D652-4B55-8A00-A7929E3116CD}.Release|Any CPU.ActiveCfg = Release|x86
		{86A52DF3-D652-4B55-8A00-A7929E3116CD}.Release|ARM.ActiveCfg = Release|ARM
		{86A52DF3-D652-4B55-8A00-A7929E3116CD}.Release|ARM.Build.0 = Release|ARM
		{86A52DF3-D652-4B55-8A00-A7929E3116CD}.Release|ARM.Deploy.0 = Release|ARM
		{86A52DF3-D652-4B55-8A00-A7929E3116CD}.Release|iPhone.ActiveCfg = Release|x86
		{86A52DF3-D652-4B55-8A00-A7929E3116CD}.Release|iPhoneSimulator.ActiveCfg = Release|x86
		{86A52DF3-D652-4B55-8A00-A7929E3116CD}.Release|x64.ActiveCfg = Release|x64
		{86A52DF3-D652-4B55-8A00-A7929E3116CD}.Release|x64.Build.0 = Release|x64
		{86A52DF3-D652-4B55-8A00-A7929E3116CD}.Release|x64.Deploy.0 = Release|x64
		{86A52DF3-D652-4B55-8A00-A7929E3116CD}.Release|x86.ActiveCfg = Release|x86
		{86A52DF3-D652-4B55-8A00-A7929E3116CD}.Release|x86.Build.0 = Release|x86
		{86A52DF3-D652-4B55-8A00-A7929E3116CD}.Release|x86.Deploy.0 = Release|x86
		{7161098B-82B2-4E3E-9E94-C9AE224EE0C9}.Ad-Hoc|Any CPU.ActiveCfg = Ad-Hoc|iPhoneSimulator
		{7161098B-82B2-4E3E-9E94-C9AE224EE0C9}.Ad-Hoc|ARM.ActiveCfg = Ad-Hoc|iPhone
		{7161098B-82B2-4E3E-9E94-C9AE224EE0C9}.Ad-Hoc|iPhone.ActiveCfg = Ad-Hoc|iPhone
		{7161098B-82B2-4E3E-9E94-C9AE224EE0C9}.Ad-Hoc|iPhone.Build.0 = Ad-Hoc|iPhone
		{7161098B-82B2-4E3E-9E94-C9AE224EE0C9}.Ad-Hoc|iPhoneSimulator.ActiveCfg = Ad-Hoc|iPhoneSimulator
		{7161098B-82B2-4E3E-9E94-C9AE224EE0C9}.Ad-Hoc|iPhoneSimulator.Build.0 = Ad-Hoc|iPhoneSimulator
		{7161098B-82B2-4E3E-9E94-C9AE224EE0C9}.Ad-Hoc|x64.ActiveCfg = Ad-Hoc|iPhone
		{7161098B-82B2-4E3E-9E94-C9AE224EE0C9}.Ad-Hoc|x86.ActiveCfg = Ad-Hoc|iPhone
		{7161098B-82B2-4E3E-9E94-C9AE224EE0C9}.AppStore|Any CPU.ActiveCfg = AppStore|iPhoneSimulator
		{7161098B-82B2-4E3E-9E94-C9AE224EE0C9}.AppStore|ARM.ActiveCfg = AppStore|iPhone
		{7161098B-82B2-4E3E-9E94-C9AE224EE0C9}.AppStore|iPhone.ActiveCfg = AppStore|iPhone
		{7161098B-82B2-4E3E-9E94-C9AE224EE0C9}.AppStore|iPhone.Build.0 = AppStore|iPhone
		{7161098B-82B2-4E3E-9E94-C9AE224EE0C9}.AppStore|iPhoneSimulator.ActiveCfg = AppStore|iPhoneSimulator
		{7161098B-82B2-4E3E-9E94-C9AE224EE0C9}.AppStore|iPhoneSimulator.Build.0 = AppStore|iPhoneSimulator
		{7161098B-82B2-4E3E-9E94-C9AE224EE0C9}.AppStore|x64.ActiveCfg = AppStore|iPhone
		{7161098B-82B2-4E3E-9E94-C9AE224EE0C9}.AppStore|x86.ActiveCfg = AppStore|iPhone
		{7161098B-82B2-4E3E-9E94-C9AE224EE0C9}.Debug|Any CPU.ActiveCfg = Debug|iPhoneSimulator
		{7161098B-82B2-4E3E-9E94-C9AE224EE0C9}.Debug|ARM.ActiveCfg = Debug|iPhone
		{7161098B-82B2-4E3E-9E94-C9AE224EE0C9}.Debug|iPhone.ActiveCfg = Debug|iPhone
		{7161098B-82B2-4E3E-9E94-C9AE224EE0C9}.Debug|iPhone.Build.0 = Debug|iPhone
		{7161098B-82B2-4E3E-9E94-C9AE224EE0C9}.Debug|iPhoneSimulator.ActiveCfg = Debug|iPhoneSimulator
		{7161098B-82B2-4E3E-9E94-C9AE224EE0C9}.Debug|iPhoneSimulator.Build.0 = Debug|iPhoneSimulator
		{7161098B-82B2-4E3E-9E94-C9AE224EE0C9}.Debug|x64.ActiveCfg = Debug|iPhone
		{7161098B-82B2-4E3E-9E94-C9AE224EE0C9}.Debug|x86.ActiveCfg = Debug|iPhone
		{7161098B-82B2-4E3E-9E94-C9AE224EE0C9}.Release|Any CPU.ActiveCfg = Release|iPhoneSimulator
		{7161098B-82B2-4E3E-9E94-C9AE224EE0C9}.Release|ARM.ActiveCfg = Release|iPhone
		{7161098B-82B2-4E3E-9E94-C9AE224EE0C9}.Release|iPhone.ActiveCfg = Release|iPhone
		{7161098B-82B2-4E3E-9E94-C9AE224EE0C9}.Release|iPhone.Build.0 = Release|iPhone
		{7161098B-82B2-4E3E-9E94-C9AE224EE0C9}.Release|iPhoneSimulator.ActiveCfg = Release|iPhoneSimulator
		{7161098B-82B2-4E3E-9E94-C9AE224EE0C9}.Release|iPhoneSimulator.Build.0 = Release|iPhoneSimulator
		{7161098B-82B2-4E3E-9E94-C9AE224EE0C9}.Release|x64.ActiveCfg = Release|iPhone
		{7161098B-82B2-4E3E-9E94-C9AE224EE0C9}.Release|x86.ActiveCfg = Release|iPhone
	EndGlobalSection
	GlobalSection(SolutionProperties) = preSolution
		HideSolutionNode = FALSE
	EndGlobalSection
	GlobalSection(ExtensibilityGlobals) = postSolution
		SolutionGuid = {E9924041-B815-43B6-ACE9-19F485A73CD5}
	EndGlobalSection
EndGlobal
